
Microsoft Visual Studio Solution File, Format Version 12.00
# Visual Studio Version 17
VisualStudioVersion = 17.5.33530.505
MinimumVisualStudioVersion = 10.0.40219.1
Project("{FAE04EC0-301F-11D3-BF4B-00C04F79EFBC}") = "УП_1", "УП_1.csproj", "{9010BE07-1139-433A-8654-817E76E65779}"
EndProject
Global
	GlobalSection(SolutionConfigurationPlatforms) = preSolution
		Debug|Any CPU = Debug|Any CPU
		Release|Any CPU = Release|Any CPU
	EndGlobalSection
	GlobalSection(ProjectConfigurationPlatforms) = postSolution
		{9010BE07-1139-433A-8654-817E76E65779}.Debug|Any CPU.ActiveCfg = Debug|Any CPU
		{9010BE07-1139-433A-8654-817E76E65779}.Debug|Any CPU.Build.0 = Debug|Any CPU
		{9010BE07-1139-433A-8654-817E76E65779}.Release|Any CPU.ActiveCfg = Release|Any CPU
		{9010BE07-1139-433A-8654-817E76E65779}.Release|Any CPU.Build.0 = Release|Any CPU
	EndGlobalSection
	GlobalSection(SolutionProperties) = preSolution
		HideSolutionNode = FALSE
	EndGlobalSection
	GlobalSection(ExtensibilityGlobals) = postSolution
		SolutionGuid = {1ECA9047-1F76-4F6E-986E-40074099DC08}
	EndGlobalSection
EndGlobal
